{
  "nodes": {
    "androidPkgs": {
      "inputs": {
        "flake-utils": "flake-utils",
        "nixpkgs": "nixpkgs"
      },
      "locked": {
        "lastModified": 1623960850,
        "narHash": "sha256-mh2sqnweuITV4kFIK6a8wEeeY999DIHLrFE8dU2JiTM=",
        "owner": "tadfisher",
        "repo": "android-nixpkgs",
        "rev": "a68fee88e480673ac0cd4de9113ad222ae8efc5a",
        "type": "github"
      },
      "original": {
        "owner": "tadfisher",
        "ref": "stable",
        "repo": "android-nixpkgs",
        "type": "github"
      }
    },
    "device_xiaomi_miatoll": {
      "flake": false,
      "locked": {
        "lastModified": 1633445899,
        "narHash": "sha256-bRHdNs4IFQWZ7e9eHEdPy5bVuPCKyF2p4DAsJ0HfYIo=",
        "owner": "sairam1411",
        "repo": "device_xiaomi_miatoll",
        "rev": "3dbe8af246370b5b292c16d13d7a7912659d8005",
        "type": "github"
      },
      "original": {
        "owner": "sairam1411",
        "repo": "device_xiaomi_miatoll",
        "type": "github"
      }
    },
    "device_xiaomi_sm6250-common": {
      "flake": false,
      "locked": {
        "lastModified": 1630848453,
        "narHash": "sha256-QKPYdNK2bfA7pVebfMCxEcOsvDzfn6v8zR6CVG5PKL4=",
        "owner": "sairam1411",
        "repo": "device_xiaomi_sm6250-common",
        "rev": "5d2d1ade38daa9eed3801e67643612f63f991df1",
        "type": "github"
      },
      "original": {
        "owner": "sairam1411",
        "repo": "device_xiaomi_sm6250-common",
        "type": "github"
      }
    },
    "flake-utils": {
      "locked": {
        "lastModified": 1614513358,
        "narHash": "sha256-LakhOx3S1dRjnh0b5Dg3mbZyH0ToC9I8Y2wKSkBaTzU=",
        "owner": "numtide",
        "repo": "flake-utils",
        "rev": "5466c5bbece17adaab2d82fae80b46e807611bf3",
        "type": "github"
      },
      "original": {
        "owner": "numtide",
        "repo": "flake-utils",
        "type": "github"
      }
    },
    "kernel_xiaomi_sm6250": {
      "flake": false,
      "locked": {
        "lastModified": 1633455631,
        "narHash": "sha256-qr4XKpiAt60yXS91b7PdmOTCKVSDTBMi29XC1yy17BY=",
        "owner": "sairam1411",
        "repo": "kernel_xiaomi_sm6250",
        "rev": "64992bb22f6cabda0256fce96e753fb46aad4551",
        "type": "github"
      },
      "original": {
        "owner": "sairam1411",
        "repo": "kernel_xiaomi_sm6250",
        "type": "github"
      }
    },
    "nixpkgs": {
      "locked": {
        "lastModified": 1614989413,
        "narHash": "sha256-g503bGSdVhLu2cKR5sHG8XetLFrVUzAL3+mrnQJpmdY=",
        "owner": "NixOS",
        "repo": "nixpkgs",
        "rev": "102eb68ceecbbd32ab1906a53ef5a7269dc9794a",
        "type": "github"
      },
      "original": {
        "owner": "NixOS",
        "ref": "nixos-unstable",
        "repo": "nixpkgs",
        "type": "github"
      }
    },
    "nixpkgsUnstable": {
      "locked": {
        "lastModified": 1633080050,
        "narHash": "sha256-T9I2WnlUzAIL70dk9V1jqaYk3nypy/cMkWR19S47ZHc=",
        "owner": "NixOS",
        "repo": "nixpkgs",
        "rev": "82155ff501c7622cb2336646bb62f7624261f6d7",
        "type": "github"
      },
      "original": {
        "owner": "NixOS",
        "ref": "nixos-unstable",
        "repo": "nixpkgs",
        "type": "github"
      }
    },
    "nixpkgs_2": {
      "locked": {
        "lastModified": 1623617138,
        "narHash": "sha256-zd03k0aZWdE+JjZjVbsQGCKmc1C4HIwIbW7MbI9ym6s=",
        "owner": "NixOS",
        "repo": "nixpkgs",
        "rev": "93963c27b934f24289a94b9e3784d60a9b77e92c",
        "type": "github"
      },
      "original": {
        "owner": "NixOS",
        "ref": "nixos-21.05",
        "repo": "nixpkgs",
        "type": "github"
      }
    },
    "robotnix": {
      "inputs": {
        "androidPkgs": "androidPkgs",
        "nixpkgs": "nixpkgs_2",
        "nixpkgsUnstable": "nixpkgsUnstable"
      },
      "locked": {
        "lastModified": 1633640215,
        "narHash": "sha256-CncxTAOUcGhHYJ90aHz9V1BA0DJ8jWBhrBXh6DWL+Ko=",
        "owner": "Kranzes",
        "repo": "robotnix-forklineageos",
        "rev": "31b8fbbf787973fc4f83cc725ff7d3017fdff9b2",
        "type": "github"
      },
      "original": {
        "owner": "Kranzes",
        "repo": "robotnix-forklineageos",
        "type": "github"
      }
    },
    "root": {
      "inputs": {
        "device_xiaomi_miatoll": "device_xiaomi_miatoll",
        "device_xiaomi_sm6250-common": "device_xiaomi_sm6250-common",
        "kernel_xiaomi_sm6250": "kernel_xiaomi_sm6250",
        "robotnix": "robotnix",
        "vendor_xiaomi_miatoll": "vendor_xiaomi_miatoll",
        "vendor_xiaomi_sm6250-common": "vendor_xiaomi_sm6250-common"
      }
    },
    "vendor_xiaomi_miatoll": {
      "flake": false,
      "locked": {
        "lastModified": 1612570797,
        "narHash": "sha256-Us5LMq7eAP0jwhBRHqdWYcPtunPlWjkXnNBdy52JCX0=",
        "owner": "sairam1411",
        "repo": "vendor_xiaomi_miatoll",
        "rev": "4b9d12e74e1b3fa63948ef27021b1eadd1e531db",
        "type": "github"
      },
      "original": {
        "owner": "sairam1411",
        "repo": "vendor_xiaomi_miatoll",
        "type": "github"
      }
    },
    "vendor_xiaomi_sm6250-common": {
      "flake": false,
      "locked": {
        "lastModified": 1633196083,
        "narHash": "sha256-sEzpqebM+J6uW7CsECCVJM12JFeYxAQ4d4mF0LSTA38=",
        "owner": "sairam1411",
        "repo": "vendor_xiaomi_sm6250-common",
        "rev": "f6a948eafeb4cea15d09da8e5679a68417563bf8",
        "type": "github"
      },
      "original": {
        "owner": "sairam1411",
        "repo": "vendor_xiaomi_sm6250-common",
        "type": "github"
      }
    }
  },
  "root": "root",
  "version": 7
}
